// !$*UTF8*$!
{
	archiveVersion = 1;
	classes = {
	};
	objectVersion = 46;
	objects = {

/* Begin PBXBuildFile section */
		811C4A9A1E7B0F000049D8A3 /* Color+Hex.swift in Sources */ = {isa = PBXBuildFile; fileRef = 811C4A991E7B0F000049D8A3 /* Color+Hex.swift */; };
		811C4A9C1E7B43130049D8A3 /* TypeResolver.swift in Sources */ = {isa = PBXBuildFile; fileRef = 811C4A9B1E7B43130049D8A3 /* TypeResolver.swift */; };
		811C4A9E1E7B43BD0049D8A3 /* DefaultTypeResolver.swift in Sources */ = {isa = PBXBuildFile; fileRef = 811C4A9D1E7B43BD0049D8A3 /* DefaultTypeResolver.swift */; };
		811C4AA01E7B45960049D8A3 /* Float+AnyMatchBuilder.swift in Sources */ = {isa = PBXBuildFile; fileRef = 811C4A9F1E7B45960049D8A3 /* Float+AnyMatchBuilder.swift */; };
		811C4AA21E7B45B90049D8A3 /* Mirror+Util.swift in Sources */ = {isa = PBXBuildFile; fileRef = 811C4AA11E7B45B90049D8A3 /* Mirror+Util.swift */; };
		811C4AA41E7B466E0049D8A3 /* Bool+AnyMatchBuilder.swift in Sources */ = {isa = PBXBuildFile; fileRef = 811C4AA31E7B466E0049D8A3 /* Bool+AnyMatchBuilder.swift */; };
		814702651E7F1D9300A2B874 /* StringInitializable.swift in Sources */ = {isa = PBXBuildFile; fileRef = 814702641E7F1D9300A2B874 /* StringInitializable.swift */; };
		814702671E7F1DBE00A2B874 /* IntInitializable.swift in Sources */ = {isa = PBXBuildFile; fileRef = 814702661E7F1DBE00A2B874 /* IntInitializable.swift */; };
		814702691E7F202D00A2B874 /* RepositoryError.swift in Sources */ = {isa = PBXBuildFile; fileRef = 814702681E7F202D00A2B874 /* RepositoryError.swift */; };
		8147026B1E7F205600A2B874 /* HTTPMethod.swift in Sources */ = {isa = PBXBuildFile; fileRef = 8147026A1E7F205600A2B874 /* HTTPMethod.swift */; };
		8147026D1E7FA98600A2B874 /* AbstractModel+PropertyParser.swift in Sources */ = {isa = PBXBuildFile; fileRef = 8147026C1E7FA98600A2B874 /* AbstractModel+PropertyParser.swift */; };
		8147026F1E7FAA1600A2B874 /* PropertyParser.swift in Sources */ = {isa = PBXBuildFile; fileRef = 8147026E1E7FAA1600A2B874 /* PropertyParser.swift */; };
		814702711E8038C700A2B874 /* AbstractModel+Coding.swift in Sources */ = {isa = PBXBuildFile; fileRef = 814702701E8038C700A2B874 /* AbstractModel+Coding.swift */; };
		814702731E80755200A2B874 /* InitializableWithDictionary.swift in Sources */ = {isa = PBXBuildFile; fileRef = 814702721E80755200A2B874 /* InitializableWithDictionary.swift */; };
		814702751E8079A400A2B874 /* DynamicTypeModel.swift in Sources */ = {isa = PBXBuildFile; fileRef = 814702741E8079A400A2B874 /* DynamicTypeModel.swift */; };
		814D76441E7CDA1E0061F55D /* ModelError.swift in Sources */ = {isa = PBXBuildFile; fileRef = 814D76431E7CDA1E0061F55D /* ModelError.swift */; };
		814D76461E7D1AB10061F55D /* NSDecimalNumber+AnyMatchBuilder.swift in Sources */ = {isa = PBXBuildFile; fileRef = 814D76451E7D1AB10061F55D /* NSDecimalNumber+AnyMatchBuilder.swift */; };
		814D76491E7DC4F70061F55D /* URL+AnyMatchBuilder.swift in Sources */ = {isa = PBXBuildFile; fileRef = 814D76481E7DC4F70061F55D /* URL+AnyMatchBuilder.swift */; };
		814D764B1E7DC5720061F55D /* FromAnyBuilder.swift in Sources */ = {isa = PBXBuildFile; fileRef = 814D764A1E7DC5720061F55D /* FromAnyBuilder.swift */; };
		814D764D1E7DC8EF0061F55D /* Color+AnyMatchBuilder.swift in Sources */ = {isa = PBXBuildFile; fileRef = 814D764C1E7DC8EF0061F55D /* Color+AnyMatchBuilder.swift */; };
		816297721E8C497600BBF065 /* TypeInfo.swift in Sources */ = {isa = PBXBuildFile; fileRef = 816297711E8C497600BBF065 /* TypeInfo.swift */; };
		816297741E8C49C900BBF065 /* Collection+find.swift in Sources */ = {isa = PBXBuildFile; fileRef = 816297731E8C49C900BBF065 /* Collection+find.swift */; };
		816A00731E7C64470098630A /* Int+AnyMatchBuilder.swift in Sources */ = {isa = PBXBuildFile; fileRef = 816A00721E7C64470098630A /* Int+AnyMatchBuilder.swift */; };
		816A00751E7C7BC90098630A /* Double+AnyMatchBuilder.swift in Sources */ = {isa = PBXBuildFile; fileRef = 816A00741E7C7BC90098630A /* Double+AnyMatchBuilder.swift */; };
		816A00771E7C7CF30098630A /* TypeMatchable.swift in Sources */ = {isa = PBXBuildFile; fileRef = 816A00761E7C7CF30098630A /* TypeMatchable.swift */; };
		81C6E64D1E7C7E4B006105D1 /* String+AnyMatchBuilder.swift in Sources */ = {isa = PBXBuildFile; fileRef = 81C6E64C1E7C7E4B006105D1 /* String+AnyMatchBuilder.swift */; };
		81C6E64F1E7C8153006105D1 /* Date+TypeMatchable.swift in Sources */ = {isa = PBXBuildFile; fileRef = 81C6E64E1E7C8153006105D1 /* Date+TypeMatchable.swift */; };
		81C6E6511E7C82B1006105D1 /* Date+Parse.swift in Sources */ = {isa = PBXBuildFile; fileRef = 81C6E6501E7C82B1006105D1 /* Date+Parse.swift */; };
		OBJ_100 /* Apic.framework in Frameworks */ = {isa = PBXBuildFile; fileRef = OBJ_49 /* Apic.framework */; };
		OBJ_56 /* AbstractCustomErrorRepository.swift in Sources */ = {isa = PBXBuildFile; fileRef = OBJ_9 /* AbstractCustomErrorRepository.swift */; };
		OBJ_57 /* AbstractModel+SoftSerialization.swift in Sources */ = {isa = PBXBuildFile; fileRef = OBJ_10 /* AbstractModel+SoftSerialization.swift */; };
		OBJ_58 /* AbstractModel.swift in Sources */ = {isa = PBXBuildFile; fileRef = OBJ_11 /* AbstractModel.swift */; };
		OBJ_59 /* AbstractRepository.swift in Sources */ = {isa = PBXBuildFile; fileRef = OBJ_12 /* AbstractRepository.swift */; };
		OBJ_60 /* Configuration.swift in Sources */ = {isa = PBXBuildFile; fileRef = OBJ_13 /* Configuration.swift */; };
		OBJ_62 /* Log.swift in Sources */ = {isa = PBXBuildFile; fileRef = OBJ_15 /* Log.swift */; };
		OBJ_63 /* URLRequest+ParameterEncoding.swift in Sources */ = {isa = PBXBuildFile; fileRef = OBJ_16 /* URLRequest+ParameterEncoding.swift */; };
		OBJ_64 /* Reachability.swift in Sources */ = {isa = PBXBuildFile; fileRef = OBJ_17 /* Reachability.swift */; };
		OBJ_65 /* Request.swift in Sources */ = {isa = PBXBuildFile; fileRef = OBJ_18 /* Request.swift */; };
		OBJ_72 /* ApicTests.swift in Sources */ = {isa = PBXBuildFile; fileRef = OBJ_21 /* ApicTests.swift */; };
		OBJ_73 /* ArrayTests.swift in Sources */ = {isa = PBXBuildFile; fileRef = OBJ_22 /* ArrayTests.swift */; };
		OBJ_74 /* BoolTests.swift in Sources */ = {isa = PBXBuildFile; fileRef = OBJ_23 /* BoolTests.swift */; };
		OBJ_75 /* ChangeValueTests.swift in Sources */ = {isa = PBXBuildFile; fileRef = OBJ_24 /* ChangeValueTests.swift */; };
		OBJ_76 /* ColorTests.swift in Sources */ = {isa = PBXBuildFile; fileRef = OBJ_25 /* ColorTests.swift */; };
		OBJ_77 /* ComplexModelTests.swift in Sources */ = {isa = PBXBuildFile; fileRef = OBJ_26 /* ComplexModelTests.swift */; };
		OBJ_78 /* DateTests.swift in Sources */ = {isa = PBXBuildFile; fileRef = OBJ_27 /* DateTests.swift */; };
		OBJ_79 /* DecimalTests.swift in Sources */ = {isa = PBXBuildFile; fileRef = OBJ_28 /* DecimalTests.swift */; };
		OBJ_80 /* DictionaryTests.swift in Sources */ = {isa = PBXBuildFile; fileRef = OBJ_29 /* DictionaryTests.swift */; };
		OBJ_81 /* DoubleTests.swift in Sources */ = {isa = PBXBuildFile; fileRef = OBJ_30 /* DoubleTests.swift */; };
		OBJ_82 /* DynamicArrayTests.swift in Sources */ = {isa = PBXBuildFile; fileRef = OBJ_31 /* DynamicArrayTests.swift */; };
		OBJ_83 /* ErrorTests.swift in Sources */ = {isa = PBXBuildFile; fileRef = OBJ_32 /* ErrorTests.swift */; };
		OBJ_84 /* FloatTests.swift in Sources */ = {isa = PBXBuildFile; fileRef = OBJ_33 /* FloatTests.swift */; };
		OBJ_85 /* HeadersTests.swift in Sources */ = {isa = PBXBuildFile; fileRef = OBJ_34 /* HeadersTests.swift */; };
		OBJ_86 /* InheritanceTest.swift in Sources */ = {isa = PBXBuildFile; fileRef = OBJ_35 /* InheritanceTest.swift */; };
		OBJ_87 /* IntTests.swift in Sources */ = {isa = PBXBuildFile; fileRef = OBJ_36 /* IntTests.swift */; };
		OBJ_88 /* JSONValidTests.swift in Sources */ = {isa = PBXBuildFile; fileRef = OBJ_37 /* JSONValidTests.swift */; };
		OBJ_89 /* Movie.swift in Sources */ = {isa = PBXBuildFile; fileRef = OBJ_38 /* Movie.swift */; };
		OBJ_90 /* MovieTests.swift in Sources */ = {isa = PBXBuildFile; fileRef = OBJ_39 /* MovieTests.swift */; };
		OBJ_91 /* NoClassTests.swift in Sources */ = {isa = PBXBuildFile; fileRef = OBJ_40 /* NoClassTests.swift */; };
		OBJ_92 /* ReachabilityTests.swift in Sources */ = {isa = PBXBuildFile; fileRef = OBJ_41 /* ReachabilityTests.swift */; };
		OBJ_93 /* RepositoryStatusTests.swift in Sources */ = {isa = PBXBuildFile; fileRef = OBJ_42 /* RepositoryStatusTests.swift */; };
		OBJ_94 /* RequestObjectsTest.swift in Sources */ = {isa = PBXBuildFile; fileRef = OBJ_43 /* RequestObjectsTest.swift */; };
		OBJ_95 /* RequestObjectTests.swift in Sources */ = {isa = PBXBuildFile; fileRef = OBJ_44 /* RequestObjectTests.swift */; };
		OBJ_96 /* SoftDictionaryTests.swift in Sources */ = {isa = PBXBuildFile; fileRef = OBJ_45 /* SoftDictionaryTests.swift */; };
		OBJ_97 /* StringTests.swift in Sources */ = {isa = PBXBuildFile; fileRef = OBJ_46 /* StringTests.swift */; };
		OBJ_98 /* UndefinedTypeTests.swift in Sources */ = {isa = PBXBuildFile; fileRef = OBJ_47 /* UndefinedTypeTests.swift */; };
/* End PBXBuildFile section */

/* Begin PBXContainerItemProxy section */
		81649C3B1E77234E006BD3D6 /* PBXContainerItemProxy */ = {
			isa = PBXContainerItemProxy;
			containerPortal = OBJ_1 /* Project object */;
			proxyType = 1;
			remoteGlobalIDString = OBJ_51;
			remoteInfo = Apic;
		};
/* End PBXContainerItemProxy section */

/* Begin PBXFileReference section */
		811C4A991E7B0F000049D8A3 /* Color+Hex.swift */ = {isa = PBXFileReference; fileEncoding = 4; lastKnownFileType = sourcecode.swift; path = "Color+Hex.swift"; sourceTree = "<group>"; };
		811C4A9B1E7B43130049D8A3 /* TypeResolver.swift */ = {isa = PBXFileReference; fileEncoding = 4; lastKnownFileType = sourcecode.swift; path = TypeResolver.swift; sourceTree = "<group>"; };
		811C4A9D1E7B43BD0049D8A3 /* DefaultTypeResolver.swift */ = {isa = PBXFileReference; fileEncoding = 4; lastKnownFileType = sourcecode.swift; path = DefaultTypeResolver.swift; sourceTree = "<group>"; };
		811C4A9F1E7B45960049D8A3 /* Float+AnyMatchBuilder.swift */ = {isa = PBXFileReference; fileEncoding = 4; lastKnownFileType = sourcecode.swift; path = "Float+AnyMatchBuilder.swift"; sourceTree = "<group>"; };
		811C4AA11E7B45B90049D8A3 /* Mirror+Util.swift */ = {isa = PBXFileReference; fileEncoding = 4; lastKnownFileType = sourcecode.swift; path = "Mirror+Util.swift"; sourceTree = "<group>"; };
		811C4AA31E7B466E0049D8A3 /* Bool+AnyMatchBuilder.swift */ = {isa = PBXFileReference; fileEncoding = 4; lastKnownFileType = sourcecode.swift; path = "Bool+AnyMatchBuilder.swift"; sourceTree = "<group>"; };
		814702641E7F1D9300A2B874 /* StringInitializable.swift */ = {isa = PBXFileReference; fileEncoding = 4; lastKnownFileType = sourcecode.swift; path = StringInitializable.swift; sourceTree = "<group>"; };
		814702661E7F1DBE00A2B874 /* IntInitializable.swift */ = {isa = PBXFileReference; fileEncoding = 4; lastKnownFileType = sourcecode.swift; path = IntInitializable.swift; sourceTree = "<group>"; };
		814702681E7F202D00A2B874 /* RepositoryError.swift */ = {isa = PBXFileReference; fileEncoding = 4; lastKnownFileType = sourcecode.swift; path = RepositoryError.swift; sourceTree = "<group>"; };
		8147026A1E7F205600A2B874 /* HTTPMethod.swift */ = {isa = PBXFileReference; fileEncoding = 4; lastKnownFileType = sourcecode.swift; path = HTTPMethod.swift; sourceTree = "<group>"; };
		8147026C1E7FA98600A2B874 /* AbstractModel+PropertyParser.swift */ = {isa = PBXFileReference; fileEncoding = 4; lastKnownFileType = sourcecode.swift; path = "AbstractModel+PropertyParser.swift"; sourceTree = "<group>"; };
		8147026E1E7FAA1600A2B874 /* PropertyParser.swift */ = {isa = PBXFileReference; fileEncoding = 4; lastKnownFileType = sourcecode.swift; path = PropertyParser.swift; sourceTree = "<group>"; };
		814702701E8038C700A2B874 /* AbstractModel+Coding.swift */ = {isa = PBXFileReference; fileEncoding = 4; lastKnownFileType = sourcecode.swift; path = "AbstractModel+Coding.swift"; sourceTree = "<group>"; };
		814702721E80755200A2B874 /* InitializableWithDictionary.swift */ = {isa = PBXFileReference; fileEncoding = 4; lastKnownFileType = sourcecode.swift; path = InitializableWithDictionary.swift; sourceTree = "<group>"; };
		814702741E8079A400A2B874 /* DynamicTypeModel.swift */ = {isa = PBXFileReference; fileEncoding = 4; lastKnownFileType = sourcecode.swift; path = DynamicTypeModel.swift; sourceTree = "<group>"; };
		814D76431E7CDA1E0061F55D /* ModelError.swift */ = {isa = PBXFileReference; fileEncoding = 4; lastKnownFileType = sourcecode.swift; path = ModelError.swift; sourceTree = "<group>"; };
		814D76451E7D1AB10061F55D /* NSDecimalNumber+AnyMatchBuilder.swift */ = {isa = PBXFileReference; fileEncoding = 4; lastKnownFileType = sourcecode.swift; path = "NSDecimalNumber+AnyMatchBuilder.swift"; sourceTree = "<group>"; };
		814D76481E7DC4F70061F55D /* URL+AnyMatchBuilder.swift */ = {isa = PBXFileReference; fileEncoding = 4; lastKnownFileType = sourcecode.swift; path = "URL+AnyMatchBuilder.swift"; sourceTree = "<group>"; };
		814D764A1E7DC5720061F55D /* FromAnyBuilder.swift */ = {isa = PBXFileReference; fileEncoding = 4; lastKnownFileType = sourcecode.swift; path = FromAnyBuilder.swift; sourceTree = "<group>"; };
		814D764C1E7DC8EF0061F55D /* Color+AnyMatchBuilder.swift */ = {isa = PBXFileReference; fileEncoding = 4; lastKnownFileType = sourcecode.swift; path = "Color+AnyMatchBuilder.swift"; sourceTree = "<group>"; };
		816297711E8C497600BBF065 /* TypeInfo.swift */ = {isa = PBXFileReference; fileEncoding = 4; lastKnownFileType = sourcecode.swift; path = TypeInfo.swift; sourceTree = "<group>"; };
		816297731E8C49C900BBF065 /* Collection+find.swift */ = {isa = PBXFileReference; fileEncoding = 4; lastKnownFileType = sourcecode.swift; path = "Collection+find.swift"; sourceTree = "<group>"; };
		816A00721E7C64470098630A /* Int+AnyMatchBuilder.swift */ = {isa = PBXFileReference; fileEncoding = 4; lastKnownFileType = sourcecode.swift; path = "Int+AnyMatchBuilder.swift"; sourceTree = "<group>"; };
		816A00741E7C7BC90098630A /* Double+AnyMatchBuilder.swift */ = {isa = PBXFileReference; fileEncoding = 4; lastKnownFileType = sourcecode.swift; path = "Double+AnyMatchBuilder.swift"; sourceTree = "<group>"; };
		816A00761E7C7CF30098630A /* TypeMatchable.swift */ = {isa = PBXFileReference; fileEncoding = 4; lastKnownFileType = sourcecode.swift; path = TypeMatchable.swift; sourceTree = "<group>"; };
		81C6E64C1E7C7E4B006105D1 /* String+AnyMatchBuilder.swift */ = {isa = PBXFileReference; fileEncoding = 4; lastKnownFileType = sourcecode.swift; path = "String+AnyMatchBuilder.swift"; sourceTree = "<group>"; };
		81C6E64E1E7C8153006105D1 /* Date+TypeMatchable.swift */ = {isa = PBXFileReference; fileEncoding = 4; lastKnownFileType = sourcecode.swift; path = "Date+TypeMatchable.swift"; sourceTree = "<group>"; };
		81C6E6501E7C82B1006105D1 /* Date+Parse.swift */ = {isa = PBXFileReference; fileEncoding = 4; lastKnownFileType = sourcecode.swift; path = "Date+Parse.swift"; sourceTree = "<group>"; };
		OBJ_10 /* AbstractModel+SoftSerialization.swift */ = {isa = PBXFileReference; lastKnownFileType = sourcecode.swift; path = "AbstractModel+SoftSerialization.swift"; sourceTree = "<group>"; };
		OBJ_11 /* AbstractModel.swift */ = {isa = PBXFileReference; lastKnownFileType = sourcecode.swift; path = AbstractModel.swift; sourceTree = "<group>"; };
		OBJ_12 /* AbstractRepository.swift */ = {isa = PBXFileReference; lastKnownFileType = sourcecode.swift; path = AbstractRepository.swift; sourceTree = "<group>"; };
		OBJ_13 /* Configuration.swift */ = {isa = PBXFileReference; lastKnownFileType = sourcecode.swift; path = Configuration.swift; sourceTree = "<group>"; };
		OBJ_15 /* Log.swift */ = {isa = PBXFileReference; lastKnownFileType = sourcecode.swift; path = Log.swift; sourceTree = "<group>"; };
		OBJ_16 /* URLRequest+ParameterEncoding.swift */ = {isa = PBXFileReference; lastKnownFileType = sourcecode.swift; path = "URLRequest+ParameterEncoding.swift"; sourceTree = "<group>"; };
		OBJ_17 /* Reachability.swift */ = {isa = PBXFileReference; lastKnownFileType = sourcecode.swift; path = Reachability.swift; sourceTree = "<group>"; };
		OBJ_18 /* Request.swift */ = {isa = PBXFileReference; lastKnownFileType = sourcecode.swift; path = Request.swift; sourceTree = "<group>"; };
		OBJ_21 /* ApicTests.swift */ = {isa = PBXFileReference; lastKnownFileType = sourcecode.swift; path = ApicTests.swift; sourceTree = "<group>"; };
		OBJ_22 /* ArrayTests.swift */ = {isa = PBXFileReference; lastKnownFileType = sourcecode.swift; path = ArrayTests.swift; sourceTree = "<group>"; };
		OBJ_23 /* BoolTests.swift */ = {isa = PBXFileReference; lastKnownFileType = sourcecode.swift; path = BoolTests.swift; sourceTree = "<group>"; };
		OBJ_24 /* ChangeValueTests.swift */ = {isa = PBXFileReference; lastKnownFileType = sourcecode.swift; path = ChangeValueTests.swift; sourceTree = "<group>"; };
		OBJ_25 /* ColorTests.swift */ = {isa = PBXFileReference; lastKnownFileType = sourcecode.swift; path = ColorTests.swift; sourceTree = "<group>"; };
		OBJ_26 /* ComplexModelTests.swift */ = {isa = PBXFileReference; lastKnownFileType = sourcecode.swift; path = ComplexModelTests.swift; sourceTree = "<group>"; };
		OBJ_27 /* DateTests.swift */ = {isa = PBXFileReference; lastKnownFileType = sourcecode.swift; path = DateTests.swift; sourceTree = "<group>"; };
		OBJ_28 /* DecimalTests.swift */ = {isa = PBXFileReference; lastKnownFileType = sourcecode.swift; path = DecimalTests.swift; sourceTree = "<group>"; };
		OBJ_29 /* DictionaryTests.swift */ = {isa = PBXFileReference; lastKnownFileType = sourcecode.swift; path = DictionaryTests.swift; sourceTree = "<group>"; };
		OBJ_30 /* DoubleTests.swift */ = {isa = PBXFileReference; lastKnownFileType = sourcecode.swift; path = DoubleTests.swift; sourceTree = "<group>"; };
		OBJ_31 /* DynamicArrayTests.swift */ = {isa = PBXFileReference; lastKnownFileType = sourcecode.swift; path = DynamicArrayTests.swift; sourceTree = "<group>"; };
		OBJ_32 /* ErrorTests.swift */ = {isa = PBXFileReference; lastKnownFileType = sourcecode.swift; path = ErrorTests.swift; sourceTree = "<group>"; };
		OBJ_33 /* FloatTests.swift */ = {isa = PBXFileReference; lastKnownFileType = sourcecode.swift; path = FloatTests.swift; sourceTree = "<group>"; };
		OBJ_34 /* HeadersTests.swift */ = {isa = PBXFileReference; lastKnownFileType = sourcecode.swift; path = HeadersTests.swift; sourceTree = "<group>"; };
		OBJ_35 /* InheritanceTest.swift */ = {isa = PBXFileReference; lastKnownFileType = sourcecode.swift; path = InheritanceTest.swift; sourceTree = "<group>"; };
		OBJ_36 /* IntTests.swift */ = {isa = PBXFileReference; lastKnownFileType = sourcecode.swift; path = IntTests.swift; sourceTree = "<group>"; };
		OBJ_37 /* JSONValidTests.swift */ = {isa = PBXFileReference; lastKnownFileType = sourcecode.swift; path = JSONValidTests.swift; sourceTree = "<group>"; };
		OBJ_38 /* Movie.swift */ = {isa = PBXFileReference; lastKnownFileType = sourcecode.swift; path = Movie.swift; sourceTree = "<group>"; };
		OBJ_39 /* MovieTests.swift */ = {isa = PBXFileReference; lastKnownFileType = sourcecode.swift; path = MovieTests.swift; sourceTree = "<group>"; };
		OBJ_40 /* NoClassTests.swift */ = {isa = PBXFileReference; lastKnownFileType = sourcecode.swift; path = NoClassTests.swift; sourceTree = "<group>"; };
		OBJ_41 /* ReachabilityTests.swift */ = {isa = PBXFileReference; lastKnownFileType = sourcecode.swift; path = ReachabilityTests.swift; sourceTree = "<group>"; };
		OBJ_42 /* RepositoryStatusTests.swift */ = {isa = PBXFileReference; lastKnownFileType = sourcecode.swift; path = RepositoryStatusTests.swift; sourceTree = "<group>"; };
		OBJ_43 /* RequestObjectsTest.swift */ = {isa = PBXFileReference; lastKnownFileType = sourcecode.swift; path = RequestObjectsTest.swift; sourceTree = "<group>"; };
		OBJ_44 /* RequestObjectTests.swift */ = {isa = PBXFileReference; lastKnownFileType = sourcecode.swift; path = RequestObjectTests.swift; sourceTree = "<group>"; };
		OBJ_45 /* SoftDictionaryTests.swift */ = {isa = PBXFileReference; lastKnownFileType = sourcecode.swift; path = SoftDictionaryTests.swift; sourceTree = "<group>"; };
		OBJ_46 /* StringTests.swift */ = {isa = PBXFileReference; lastKnownFileType = sourcecode.swift; path = StringTests.swift; sourceTree = "<group>"; };
		OBJ_47 /* UndefinedTypeTests.swift */ = {isa = PBXFileReference; lastKnownFileType = sourcecode.swift; path = UndefinedTypeTests.swift; sourceTree = "<group>"; };
		OBJ_49 /* Apic.framework */ = {isa = PBXFileReference; explicitFileType = wrapper.framework; path = Apic.framework; sourceTree = BUILT_PRODUCTS_DIR; };
		OBJ_50 /* ApicTests.xctest */ = {isa = PBXFileReference; lastKnownFileType = file; path = ApicTests.xctest; sourceTree = BUILT_PRODUCTS_DIR; };
		OBJ_6 /* Package.swift */ = {isa = PBXFileReference; explicitFileType = sourcecode.swift; path = Package.swift; sourceTree = "<group>"; };
		OBJ_9 /* AbstractCustomErrorRepository.swift */ = {isa = PBXFileReference; lastKnownFileType = sourcecode.swift; path = AbstractCustomErrorRepository.swift; sourceTree = "<group>"; };
/* End PBXFileReference section */

/* Begin PBXFrameworksBuildPhase section */
		OBJ_66 /* Frameworks */ = {
			isa = PBXFrameworksBuildPhase;
			buildActionMask = 0;
			files = (
			);
			runOnlyForDeploymentPostprocessing = 0;
		};
		OBJ_99 /* Frameworks */ = {
			isa = PBXFrameworksBuildPhase;
			buildActionMask = 0;
			files = (
				OBJ_100 /* Apic.framework in Frameworks */,
			);
			runOnlyForDeploymentPostprocessing = 0;
		};
/* End PBXFrameworksBuildPhase section */

/* Begin PBXGroup section */
		814D76471E7DC4100061F55D /* Builder */ = {
			isa = PBXGroup;
			children = (
				811C4AA31E7B466E0049D8A3 /* Bool+AnyMatchBuilder.swift */,
				814D76451E7D1AB10061F55D /* NSDecimalNumber+AnyMatchBuilder.swift */,
				81C6E64E1E7C8153006105D1 /* Date+TypeMatchable.swift */,
				816A00741E7C7BC90098630A /* Double+AnyMatchBuilder.swift */,
				811C4A9F1E7B45960049D8A3 /* Float+AnyMatchBuilder.swift */,
				816A00721E7C64470098630A /* Int+AnyMatchBuilder.swift */,
				81C6E64C1E7C7E4B006105D1 /* String+AnyMatchBuilder.swift */,
				814D76481E7DC4F70061F55D /* URL+AnyMatchBuilder.swift */,
				814D764A1E7DC5720061F55D /* FromAnyBuilder.swift */,
				814D764C1E7DC8EF0061F55D /* Color+AnyMatchBuilder.swift */,
			);
			name = Builder;
			sourceTree = "<group>";
		};
		816297701E8C494700BBF065 /* Type resolution */ = {
			isa = PBXGroup;
			children = (
				816297711E8C497600BBF065 /* TypeInfo.swift */,
				811C4A9B1E7B43130049D8A3 /* TypeResolver.swift */,
				811C4A9D1E7B43BD0049D8A3 /* DefaultTypeResolver.swift */,
				816297731E8C49C900BBF065 /* Collection+find.swift */,
			);
			name = "Type resolution";
			sourceTree = "<group>";
		};
		OBJ_19 /* Tests */ = {
			isa = PBXGroup;
			children = (
				OBJ_20 /* ApicTests */,
			);
			path = Tests;
			sourceTree = "<group>";
		};
		OBJ_20 /* ApicTests */ = {
			isa = PBXGroup;
			children = (
				OBJ_21 /* ApicTests.swift */,
				OBJ_22 /* ArrayTests.swift */,
				OBJ_23 /* BoolTests.swift */,
				OBJ_24 /* ChangeValueTests.swift */,
				OBJ_25 /* ColorTests.swift */,
				OBJ_26 /* ComplexModelTests.swift */,
				OBJ_27 /* DateTests.swift */,
				OBJ_28 /* DecimalTests.swift */,
				OBJ_29 /* DictionaryTests.swift */,
				OBJ_30 /* DoubleTests.swift */,
				OBJ_31 /* DynamicArrayTests.swift */,
				OBJ_32 /* ErrorTests.swift */,
				OBJ_33 /* FloatTests.swift */,
				OBJ_34 /* HeadersTests.swift */,
				OBJ_35 /* InheritanceTest.swift */,
				OBJ_36 /* IntTests.swift */,
				OBJ_37 /* JSONValidTests.swift */,
				OBJ_38 /* Movie.swift */,
				OBJ_39 /* MovieTests.swift */,
				OBJ_40 /* NoClassTests.swift */,
				OBJ_41 /* ReachabilityTests.swift */,
				OBJ_42 /* RepositoryStatusTests.swift */,
				OBJ_43 /* RequestObjectsTest.swift */,
				OBJ_44 /* RequestObjectTests.swift */,
				OBJ_45 /* SoftDictionaryTests.swift */,
				OBJ_46 /* StringTests.swift */,
				OBJ_47 /* UndefinedTypeTests.swift */,
			);
			name = ApicTests;
			path = Tests/ApicTests;
			sourceTree = SOURCE_ROOT;
		};
		OBJ_48 /* Products */ = {
			isa = PBXGroup;
			children = (
				OBJ_49 /* Apic.framework */,
				OBJ_50 /* ApicTests.xctest */,
			);
			name = Products;
			sourceTree = BUILT_PRODUCTS_DIR;
		};
		OBJ_5 = {
			isa = PBXGroup;
			children = (
				OBJ_6 /* Package.swift */,
				OBJ_7 /* Sources */,
				OBJ_19 /* Tests */,
				OBJ_48 /* Products */,
			);
			sourceTree = "<group>";
		};
		OBJ_7 /* Sources */ = {
			isa = PBXGroup;
			children = (
				OBJ_8 /* Apic */,
			);
			path = Sources;
			sourceTree = "<group>";
		};
		OBJ_8 /* Apic */ = {
			isa = PBXGroup;
			children = (
				816297701E8C494700BBF065 /* Type resolution */,
				814D76471E7DC4100061F55D /* Builder */,
				OBJ_9 /* AbstractCustomErrorRepository.swift */,
				OBJ_10 /* AbstractModel+SoftSerialization.swift */,
				OBJ_11 /* AbstractModel.swift */,
				OBJ_12 /* AbstractRepository.swift */,
				OBJ_13 /* Configuration.swift */,
				OBJ_15 /* Log.swift */,
				OBJ_16 /* URLRequest+ParameterEncoding.swift */,
				OBJ_17 /* Reachability.swift */,
				OBJ_18 /* Request.swift */,
				811C4A991E7B0F000049D8A3 /* Color+Hex.swift */,
				811C4AA11E7B45B90049D8A3 /* Mirror+Util.swift */,
				816A00761E7C7CF30098630A /* TypeMatchable.swift */,
				81C6E6501E7C82B1006105D1 /* Date+Parse.swift */,
				814D76431E7CDA1E0061F55D /* ModelError.swift */,
				814702641E7F1D9300A2B874 /* StringInitializable.swift */,
				814702661E7F1DBE00A2B874 /* IntInitializable.swift */,
				814702681E7F202D00A2B874 /* RepositoryError.swift */,
				8147026A1E7F205600A2B874 /* HTTPMethod.swift */,
				8147026C1E7FA98600A2B874 /* AbstractModel+PropertyParser.swift */,
				8147026E1E7FAA1600A2B874 /* PropertyParser.swift */,
				814702701E8038C700A2B874 /* AbstractModel+Coding.swift */,
				814702721E80755200A2B874 /* InitializableWithDictionary.swift */,
				814702741E8079A400A2B874 /* DynamicTypeModel.swift */,
			);
			name = Apic;
			path = Sources;
			sourceTree = SOURCE_ROOT;
		};
/* End PBXGroup section */

/* Begin PBXNativeTarget section */
		OBJ_51 /* Apic */ = {
			isa = PBXNativeTarget;
			buildConfigurationList = OBJ_52 /* Build configuration list for PBXNativeTarget "Apic" */;
			buildPhases = (
				OBJ_55 /* Sources */,
				OBJ_66 /* Frameworks */,
			);
			buildRules = (
			);
			dependencies = (
			);
			name = Apic;
			productName = Apic;
			productReference = OBJ_49 /* Apic.framework */;
			productType = "com.apple.product-type.framework";
		};
		OBJ_67 /* ApicTests */ = {
			isa = PBXNativeTarget;
			buildConfigurationList = OBJ_68 /* Build configuration list for PBXNativeTarget "ApicTests" */;
			buildPhases = (
				OBJ_71 /* Sources */,
				OBJ_99 /* Frameworks */,
			);
			buildRules = (
			);
			dependencies = (
				OBJ_101 /* PBXTargetDependency */,
			);
			name = ApicTests;
			productName = ApicTests;
			productReference = OBJ_50 /* ApicTests.xctest */;
			productType = "com.apple.product-type.bundle.unit-test";
		};
/* End PBXNativeTarget section */

/* Begin PBXProject section */
		OBJ_1 /* Project object */ = {
			isa = PBXProject;
			attributes = {
				LastSwiftUpdateCheck = 0830;
				LastUpgradeCheck = 9999;
			};
			buildConfigurationList = OBJ_2 /* Build configuration list for PBXProject "Apic" */;
			compatibilityVersion = "Xcode 3.2";
			developmentRegion = English;
			hasScannedForEncodings = 0;
			knownRegions = (
				en,
			);
			mainGroup = OBJ_5;
			productRefGroup = OBJ_48 /* Products */;
			projectDirPath = "";
			projectRoot = "";
			targets = (
				OBJ_51 /* Apic */,
				OBJ_67 /* ApicTests */,
			);
		};
/* End PBXProject section */

/* Begin PBXSourcesBuildPhase section */
		OBJ_55 /* Sources */ = {
			isa = PBXSourcesBuildPhase;
			buildActionMask = 0;
			files = (
				811C4AA41E7B466E0049D8A3 /* Bool+AnyMatchBuilder.swift in Sources */,
				814702751E8079A400A2B874 /* DynamicTypeModel.swift in Sources */,
				OBJ_56 /* AbstractCustomErrorRepository.swift in Sources */,
				811C4A9C1E7B43130049D8A3 /* TypeResolver.swift in Sources */,
				816A00771E7C7CF30098630A /* TypeMatchable.swift in Sources */,
				OBJ_57 /* AbstractModel+SoftSerialization.swift in Sources */,
				811C4AA01E7B45960049D8A3 /* Float+AnyMatchBuilder.swift in Sources */,
				811C4AA21E7B45B90049D8A3 /* Mirror+Util.swift in Sources */,
				814702711E8038C700A2B874 /* AbstractModel+Coding.swift in Sources */,
				8147026F1E7FAA1600A2B874 /* PropertyParser.swift in Sources */,
				OBJ_58 /* AbstractModel.swift in Sources */,
				8147026D1E7FA98600A2B874 /* AbstractModel+PropertyParser.swift in Sources */,
				OBJ_59 /* AbstractRepository.swift in Sources */,
				OBJ_60 /* Configuration.swift in Sources */,
				811C4A9E1E7B43BD0049D8A3 /* DefaultTypeResolver.swift in Sources */,
				814D76441E7CDA1E0061F55D /* ModelError.swift in Sources */,
				816A00751E7C7BC90098630A /* Double+AnyMatchBuilder.swift in Sources */,
				816297741E8C49C900BBF065 /* Collection+find.swift in Sources */,
				814702691E7F202D00A2B874 /* RepositoryError.swift in Sources */,
				814D764B1E7DC5720061F55D /* FromAnyBuilder.swift in Sources */,
				816A00731E7C64470098630A /* Int+AnyMatchBuilder.swift in Sources */,
				OBJ_62 /* Log.swift in Sources */,
				814D76491E7DC4F70061F55D /* URL+AnyMatchBuilder.swift in Sources */,
				816297721E8C497600BBF065 /* TypeInfo.swift in Sources */,
				814D76461E7D1AB10061F55D /* NSDecimalNumber+AnyMatchBuilder.swift in Sources */,
				8147026B1E7F205600A2B874 /* HTTPMethod.swift in Sources */,
				81C6E64D1E7C7E4B006105D1 /* String+AnyMatchBuilder.swift in Sources */,
				OBJ_63 /* URLRequest+ParameterEncoding.swift in Sources */,
				81C6E64F1E7C8153006105D1 /* Date+TypeMatchable.swift in Sources */,
				814702651E7F1D9300A2B874 /* StringInitializable.swift in Sources */,
				814702671E7F1DBE00A2B874 /* IntInitializable.swift in Sources */,
				814702731E80755200A2B874 /* InitializableWithDictionary.swift in Sources */,
				OBJ_64 /* Reachability.swift in Sources */,
				81C6E6511E7C82B1006105D1 /* Date+Parse.swift in Sources */,
				811C4A9A1E7B0F000049D8A3 /* Color+Hex.swift in Sources */,
				OBJ_65 /* Request.swift in Sources */,
				814D764D1E7DC8EF0061F55D /* Color+AnyMatchBuilder.swift in Sources */,
			);
			runOnlyForDeploymentPostprocessing = 0;
		};
		OBJ_71 /* Sources */ = {
			isa = PBXSourcesBuildPhase;
			buildActionMask = 0;
			files = (
				OBJ_72 /* ApicTests.swift in Sources */,
				OBJ_73 /* ArrayTests.swift in Sources */,
				OBJ_74 /* BoolTests.swift in Sources */,
				OBJ_75 /* ChangeValueTests.swift in Sources */,
				OBJ_76 /* ColorTests.swift in Sources */,
				OBJ_77 /* ComplexModelTests.swift in Sources */,
				OBJ_78 /* DateTests.swift in Sources */,
				OBJ_79 /* DecimalTests.swift in Sources */,
				OBJ_80 /* DictionaryTests.swift in Sources */,
				OBJ_81 /* DoubleTests.swift in Sources */,
				OBJ_82 /* DynamicArrayTests.swift in Sources */,
				OBJ_83 /* ErrorTests.swift in Sources */,
				OBJ_84 /* FloatTests.swift in Sources */,
				OBJ_85 /* HeadersTests.swift in Sources */,
				OBJ_86 /* InheritanceTest.swift in Sources */,
				OBJ_87 /* IntTests.swift in Sources */,
				OBJ_88 /* JSONValidTests.swift in Sources */,
				OBJ_89 /* Movie.swift in Sources */,
				OBJ_90 /* MovieTests.swift in Sources */,
				OBJ_91 /* NoClassTests.swift in Sources */,
				OBJ_92 /* ReachabilityTests.swift in Sources */,
				OBJ_93 /* RepositoryStatusTests.swift in Sources */,
				OBJ_94 /* RequestObjectsTest.swift in Sources */,
				OBJ_95 /* RequestObjectTests.swift in Sources */,
				OBJ_96 /* SoftDictionaryTests.swift in Sources */,
				OBJ_97 /* StringTests.swift in Sources */,
				OBJ_98 /* UndefinedTypeTests.swift in Sources */,
			);
			runOnlyForDeploymentPostprocessing = 0;
		};
/* End PBXSourcesBuildPhase section */

/* Begin PBXTargetDependency section */
		OBJ_101 /* PBXTargetDependency */ = {
			isa = PBXTargetDependency;
			target = OBJ_51 /* Apic */;
			targetProxy = 81649C3B1E77234E006BD3D6 /* PBXContainerItemProxy */;
		};
/* End PBXTargetDependency section */

/* Begin XCBuildConfiguration section */
		OBJ_3 /* Debug */ = {
			isa = XCBuildConfiguration;
			buildSettings = {
				COMBINE_HIDPI_IMAGES = YES;
				COPY_PHASE_STRIP = NO;
				DEBUG_INFORMATION_FORMAT = dwarf;
				DYLIB_INSTALL_NAME_BASE = "@rpath";
				ENABLE_NS_ASSERTIONS = YES;
				GCC_OPTIMIZATION_LEVEL = 0;
				MACOSX_DEPLOYMENT_TARGET = 10.10;
				ONLY_ACTIVE_ARCH = YES;
				OTHER_SWIFT_FLAGS = "-DXcode";
				PRODUCT_NAME = "$(TARGET_NAME)";
				SDKROOT = macosx;
				SUPPORTED_PLATFORMS = "macosx iphoneos iphonesimulator appletvos appletvsimulator watchos watchsimulator";
				SWIFT_ACTIVE_COMPILATION_CONDITIONS = SWIFT_PACKAGE;
				SWIFT_OPTIMIZATION_LEVEL = "-Onone";
				SWIFT_VERSION = 3.0;
				USE_HEADERMAP = NO;
			};
			name = Debug;
		};
		OBJ_4 /* Release */ = {
			isa = XCBuildConfiguration;
			buildSettings = {
				COMBINE_HIDPI_IMAGES = YES;
				COPY_PHASE_STRIP = YES;
				DEBUG_INFORMATION_FORMAT = "dwarf-with-dsym";
				DYLIB_INSTALL_NAME_BASE = "@rpath";
				GCC_OPTIMIZATION_LEVEL = s;
				MACOSX_DEPLOYMENT_TARGET = 10.10;
				OTHER_SWIFT_FLAGS = "-DXcode";
				PRODUCT_NAME = "$(TARGET_NAME)";
				SDKROOT = macosx;
				SUPPORTED_PLATFORMS = "macosx iphoneos iphonesimulator appletvos appletvsimulator watchos watchsimulator";
				SWIFT_ACTIVE_COMPILATION_CONDITIONS = SWIFT_PACKAGE;
				SWIFT_OPTIMIZATION_LEVEL = "-O";
				SWIFT_VERSION = 3.0;
				USE_HEADERMAP = NO;
			};
			name = Release;
		};
		OBJ_53 /* Debug */ = {
			isa = XCBuildConfiguration;
			buildSettings = {
				ENABLE_TESTABILITY = YES;
				FRAMEWORK_SEARCH_PATHS = (
					"$(inherited)",
					"$(PLATFORM_DIR)/Developer/Library/Frameworks",
				);
				HEADER_SEARCH_PATHS = "$(inherited)";
				INFOPLIST_FILE = Apic.xcodeproj/Apic_Info.plist;
				LD_RUNPATH_SEARCH_PATHS = "$(TOOLCHAIN_DIR)/usr/lib/swift/macosx";
				OTHER_LDFLAGS = "$(inherited)";
				OTHER_SWIFT_FLAGS = "$(inherited)";
				PRODUCT_BUNDLE_IDENTIFIER = Apic;
				PRODUCT_MODULE_NAME = "$(TARGET_NAME:c99extidentifier)";
				PRODUCT_NAME = "$(TARGET_NAME:c99extidentifier)";
				TARGET_NAME = Apic;
			};
			name = Debug;
		};
		OBJ_54 /* Release */ = {
			isa = XCBuildConfiguration;
			buildSettings = {
				ENABLE_TESTABILITY = YES;
				FRAMEWORK_SEARCH_PATHS = (
					"$(inherited)",
					"$(PLATFORM_DIR)/Developer/Library/Frameworks",
				);
				HEADER_SEARCH_PATHS = "$(inherited)";
				INFOPLIST_FILE = Apic.xcodeproj/Apic_Info.plist;
				LD_RUNPATH_SEARCH_PATHS = "$(TOOLCHAIN_DIR)/usr/lib/swift/macosx";
				OTHER_LDFLAGS = "$(inherited)";
				OTHER_SWIFT_FLAGS = "$(inherited)";
				PRODUCT_BUNDLE_IDENTIFIER = Apic;
				PRODUCT_MODULE_NAME = "$(TARGET_NAME:c99extidentifier)";
				PRODUCT_NAME = "$(TARGET_NAME:c99extidentifier)";
				TARGET_NAME = Apic;
			};
			name = Release;
		};
		OBJ_69 /* Debug */ = {
			isa = XCBuildConfiguration;
			buildSettings = {
				EMBEDDED_CONTENT_CONTAINS_SWIFT = YES;
				FRAMEWORK_SEARCH_PATHS = (
					"$(inherited)",
					"$(PLATFORM_DIR)/Developer/Library/Frameworks",
				);
				HEADER_SEARCH_PATHS = "$(inherited)";
				INFOPLIST_FILE = Apic.xcodeproj/ApicTests_Info.plist;
				LD_RUNPATH_SEARCH_PATHS = "@loader_path/../Frameworks";
				OTHER_LDFLAGS = "$(inherited)";
				OTHER_SWIFT_FLAGS = "$(inherited)";
				TARGET_NAME = ApicTests;
			};
			name = Debug;
		};
		OBJ_70 /* Release */ = {
			isa = XCBuildConfiguration;
			buildSettings = {
				EMBEDDED_CONTENT_CONTAINS_SWIFT = YES;
				FRAMEWORK_SEARCH_PATHS = (
					"$(inherited)",
					"$(PLATFORM_DIR)/Developer/Library/Frameworks",
				);
				HEADER_SEARCH_PATHS = "$(inherited)";
				INFOPLIST_FILE = Apic.xcodeproj/ApicTests_Info.plist;
				LD_RUNPATH_SEARCH_PATHS = "@loader_path/../Frameworks";
				OTHER_LDFLAGS = "$(inherited)";
				OTHER_SWIFT_FLAGS = "$(inherited)";
				TARGET_NAME = ApicTests;
			};
			name = Release;
		};
/* End XCBuildConfiguration section */

/* Begin XCConfigurationList section */
		OBJ_2 /* Build configuration list for PBXProject "Apic" */ = {
			isa = XCConfigurationList;
			buildConfigurations = (
				OBJ_3 /* Debug */,
				OBJ_4 /* Release */,
			);
			defaultConfigurationIsVisible = 0;
			defaultConfigurationName = Debug;
		};
		OBJ_52 /* Build configuration list for PBXNativeTarget "Apic" */ = {
			isa = XCConfigurationList;
			buildConfigurations = (
				OBJ_53 /* Debug */,
				OBJ_54 /* Release */,
			);
			defaultConfigurationIsVisible = 0;
			defaultConfigurationName = Debug;
		};
		OBJ_68 /* Build configuration list for PBXNativeTarget "ApicTests" */ = {
			isa = XCConfigurationList;
			buildConfigurations = (
				OBJ_69 /* Debug */,
				OBJ_70 /* Release */,
			);
			defaultConfigurationIsVisible = 0;
			defaultConfigurationName = Debug;
		};
/* End XCConfigurationList section */
	};
	rootObject = OBJ_1 /* Project object */;
}
