// !$*UTF8*$!
{
	archiveVersion = 1;
	classes = {
	};
	objectVersion = 46;
	objects = {

/* Begin PBXBuildFile section */
		438D88B553164C47A6A1BF28 /* Pods_Apic.framework in Frameworks */ = {isa = PBXBuildFile; fileRef = E011FEDB9742FA038B21B7FC /* Pods_Apic.framework */; settings = {ATTRIBUTES = (Weak, ); }; };
		48C1FE7A3539C71B4DBF3056 /* Pods_ApicWatchOS.framework in Frameworks */ = {isa = PBXBuildFile; fileRef = FE1E9D9A82F1A2DB56C0B573 /* Pods_ApicWatchOS.framework */; settings = {ATTRIBUTES = (Weak, ); }; };
		813764D61B1A9CA60015EC12 /* Apic.h in Headers */ = {isa = PBXBuildFile; fileRef = 813764D51B1A9CA60015EC12 /* Apic.h */; settings = {ATTRIBUTES = (Public, ); }; };
		813764DC1B1A9CA60015EC12 /* Apic.framework in Frameworks */ = {isa = PBXBuildFile; fileRef = 813764D01B1A9CA60015EC12 /* Apic.framework */; };
		813764E31B1A9CA60015EC12 /* ApicTests.swift in Sources */ = {isa = PBXBuildFile; fileRef = 813764E21B1A9CA60015EC12 /* ApicTests.swift */; };
		813764EF1B1AA0610015EC12 /* AbstractModel.swift in Sources */ = {isa = PBXBuildFile; fileRef = 813764EE1B1AA0610015EC12 /* AbstractModel.swift */; };
		813764F11B1AB9980015EC12 /* AbstractRepository.swift in Sources */ = {isa = PBXBuildFile; fileRef = 813764F01B1AB9980015EC12 /* AbstractRepository.swift */; };
		813764F31B1ABAAA0015EC12 /* apic_properties.plist in Resources */ = {isa = PBXBuildFile; fileRef = 813764F21B1ABAAA0015EC12 /* apic_properties.plist */; };
		813764F51B1ABAF10015EC12 /* Configuration.swift in Sources */ = {isa = PBXBuildFile; fileRef = 813764F41B1ABAF10015EC12 /* Configuration.swift */; };
		813764F71B1B684B0015EC12 /* apic_strings.strings in Resources */ = {isa = PBXBuildFile; fileRef = 813764F61B1B684B0015EC12 /* apic_strings.strings */; };
		81E685F71BA4A1E200FEBCF0 /* Movie.swift in Sources */ = {isa = PBXBuildFile; fileRef = 81E685F61BA4A1E200FEBCF0 /* Movie.swift */; settings = {ASSET_TAGS = (); }; };
		81E9510F1BA248670044B4B1 /* Log.swift in Sources */ = {isa = PBXBuildFile; fileRef = 81E9510E1BA248670044B4B1 /* Log.swift */; settings = {ASSET_TAGS = (); }; };
		81F936EE1B90E20E007C5CA6 /* ApicWatchOS.h in Headers */ = {isa = PBXBuildFile; fileRef = 81F936ED1B90E20E007C5CA6 /* ApicWatchOS.h */; settings = {ATTRIBUTES = (Public, ); }; };
		81F936F41B90EA98007C5CA6 /* AbstractModel.swift in Sources */ = {isa = PBXBuildFile; fileRef = 813764EE1B1AA0610015EC12 /* AbstractModel.swift */; settings = {ASSET_TAGS = (); }; };
		81F936F51B90EA9B007C5CA6 /* AbstractRepository.swift in Sources */ = {isa = PBXBuildFile; fileRef = 813764F01B1AB9980015EC12 /* AbstractRepository.swift */; settings = {ASSET_TAGS = (); }; };
		81F936F61B90EA9D007C5CA6 /* Configuration.swift in Sources */ = {isa = PBXBuildFile; fileRef = 813764F41B1ABAF10015EC12 /* Configuration.swift */; settings = {ASSET_TAGS = (); }; };
		81F936F71B90EABF007C5CA6 /* apic_properties.plist in Resources */ = {isa = PBXBuildFile; fileRef = 813764F21B1ABAAA0015EC12 /* apic_properties.plist */; settings = {ASSET_TAGS = (); }; };
		81F936F81B90EAC1007C5CA6 /* apic_strings.strings in Resources */ = {isa = PBXBuildFile; fileRef = 813764F61B1B684B0015EC12 /* apic_strings.strings */; settings = {ASSET_TAGS = (); }; };
		81F937001B911AFB007C5CA6 /* Alamofire.framework in Frameworks */ = {isa = PBXBuildFile; fileRef = 81F936FF1B911AFB007C5CA6 /* Alamofire.framework */; };
		AC74C102D0645BEA362FD707 /* Pods_ApicTests.framework in Frameworks */ = {isa = PBXBuildFile; fileRef = 301903321A3585B083F41F98 /* Pods_ApicTests.framework */; settings = {ATTRIBUTES = (Weak, ); }; };
/* End PBXBuildFile section */

/* Begin PBXContainerItemProxy section */
		813764DD1B1A9CA60015EC12 /* PBXContainerItemProxy */ = {
			isa = PBXContainerItemProxy;
			containerPortal = 813764C71B1A9CA60015EC12 /* Project object */;
			proxyType = 1;
			remoteGlobalIDString = 813764CF1B1A9CA60015EC12;
			remoteInfo = Apic;
		};
/* End PBXContainerItemProxy section */

/* Begin PBXFileReference section */
		2E73B308F3AAA7EFC3AAC64E /* Pods-ApicTests.release.xcconfig */ = {isa = PBXFileReference; includeInIndex = 1; lastKnownFileType = text.xcconfig; name = "Pods-ApicTests.release.xcconfig"; path = "Pods/Target Support Files/Pods-ApicTests/Pods-ApicTests.release.xcconfig"; sourceTree = "<group>"; };
		301903321A3585B083F41F98 /* Pods_ApicTests.framework */ = {isa = PBXFileReference; explicitFileType = wrapper.framework; includeInIndex = 0; path = Pods_ApicTests.framework; sourceTree = BUILT_PRODUCTS_DIR; };
		6369FF4FBAAF649B171DE02D /* Pods-ApicWatchOS.debug.xcconfig */ = {isa = PBXFileReference; includeInIndex = 1; lastKnownFileType = text.xcconfig; name = "Pods-ApicWatchOS.debug.xcconfig"; path = "Pods/Target Support Files/Pods-ApicWatchOS/Pods-ApicWatchOS.debug.xcconfig"; sourceTree = "<group>"; };
		6779A9D05C7BA4C3D664EEAA /* Pods-Apic.release.xcconfig */ = {isa = PBXFileReference; includeInIndex = 1; lastKnownFileType = text.xcconfig; name = "Pods-Apic.release.xcconfig"; path = "Pods/Target Support Files/Pods-Apic/Pods-Apic.release.xcconfig"; sourceTree = "<group>"; };
		813764D01B1A9CA60015EC12 /* Apic.framework */ = {isa = PBXFileReference; explicitFileType = wrapper.framework; includeInIndex = 0; path = Apic.framework; sourceTree = BUILT_PRODUCTS_DIR; };
		813764D41B1A9CA60015EC12 /* Info.plist */ = {isa = PBXFileReference; lastKnownFileType = text.plist.xml; path = Info.plist; sourceTree = "<group>"; };
		813764D51B1A9CA60015EC12 /* Apic.h */ = {isa = PBXFileReference; lastKnownFileType = sourcecode.c.h; path = Apic.h; sourceTree = "<group>"; };
		813764DB1B1A9CA60015EC12 /* ApicTests.xctest */ = {isa = PBXFileReference; explicitFileType = wrapper.cfbundle; includeInIndex = 0; path = ApicTests.xctest; sourceTree = BUILT_PRODUCTS_DIR; };
		813764E11B1A9CA60015EC12 /* Info.plist */ = {isa = PBXFileReference; lastKnownFileType = text.plist.xml; path = Info.plist; sourceTree = "<group>"; };
		813764E21B1A9CA60015EC12 /* ApicTests.swift */ = {isa = PBXFileReference; lastKnownFileType = sourcecode.swift; path = ApicTests.swift; sourceTree = "<group>"; };
		813764EE1B1AA0610015EC12 /* AbstractModel.swift */ = {isa = PBXFileReference; fileEncoding = 4; lastKnownFileType = sourcecode.swift; path = AbstractModel.swift; sourceTree = "<group>"; };
		813764F01B1AB9980015EC12 /* AbstractRepository.swift */ = {isa = PBXFileReference; fileEncoding = 4; lastKnownFileType = sourcecode.swift; path = AbstractRepository.swift; sourceTree = "<group>"; };
		813764F21B1ABAAA0015EC12 /* apic_properties.plist */ = {isa = PBXFileReference; fileEncoding = 4; lastKnownFileType = text.plist.xml; path = apic_properties.plist; sourceTree = "<group>"; };
		813764F41B1ABAF10015EC12 /* Configuration.swift */ = {isa = PBXFileReference; fileEncoding = 4; lastKnownFileType = sourcecode.swift; path = Configuration.swift; sourceTree = "<group>"; };
		813764F61B1B684B0015EC12 /* apic_strings.strings */ = {isa = PBXFileReference; fileEncoding = 4; lastKnownFileType = text.plist.strings; path = apic_strings.strings; sourceTree = "<group>"; };
		81E685F61BA4A1E200FEBCF0 /* Movie.swift */ = {isa = PBXFileReference; fileEncoding = 4; lastKnownFileType = sourcecode.swift; path = Movie.swift; sourceTree = "<group>"; };
		81E9510E1BA248670044B4B1 /* Log.swift */ = {isa = PBXFileReference; fileEncoding = 4; lastKnownFileType = sourcecode.swift; path = Log.swift; sourceTree = "<group>"; };
		81F936EB1B90E20E007C5CA6 /* ApicWatchOS.framework */ = {isa = PBXFileReference; explicitFileType = wrapper.framework; includeInIndex = 0; path = ApicWatchOS.framework; sourceTree = BUILT_PRODUCTS_DIR; };
		81F936ED1B90E20E007C5CA6 /* ApicWatchOS.h */ = {isa = PBXFileReference; lastKnownFileType = sourcecode.c.h; path = ApicWatchOS.h; sourceTree = "<group>"; };
		81F936EF1B90E20E007C5CA6 /* Info.plist */ = {isa = PBXFileReference; lastKnownFileType = text.plist.xml; path = Info.plist; sourceTree = "<group>"; };
		81F936FD1B911A2B007C5CA6 /* Alamofire.framework */ = {isa = PBXFileReference; lastKnownFileType = wrapper.framework; name = Alamofire.framework; path = "Pods/../build/Debug-watchos/Pods-ApicWatchOS/Alamofire.framework"; sourceTree = "<group>"; };
		81F936FF1B911AFB007C5CA6 /* Alamofire.framework */ = {isa = PBXFileReference; lastKnownFileType = wrapper.framework; name = Alamofire.framework; path = "Pods/../build/Debug-watchos/Pods-ApicWatchOS/Alamofire.framework"; sourceTree = "<group>"; };
		8CDB90E111EBBDCA595472AC /* Pods-Apic.debug.xcconfig */ = {isa = PBXFileReference; includeInIndex = 1; lastKnownFileType = text.xcconfig; name = "Pods-Apic.debug.xcconfig"; path = "Pods/Target Support Files/Pods-Apic/Pods-Apic.debug.xcconfig"; sourceTree = "<group>"; };
		E011FEDB9742FA038B21B7FC /* Pods_Apic.framework */ = {isa = PBXFileReference; explicitFileType = wrapper.framework; includeInIndex = 0; path = Pods_Apic.framework; sourceTree = BUILT_PRODUCTS_DIR; };
		ECF96778CBD90817ABE7F15F /* Pods-ApicTests.debug.xcconfig */ = {isa = PBXFileReference; includeInIndex = 1; lastKnownFileType = text.xcconfig; name = "Pods-ApicTests.debug.xcconfig"; path = "Pods/Target Support Files/Pods-ApicTests/Pods-ApicTests.debug.xcconfig"; sourceTree = "<group>"; };
		FAE6337F07E3D420FA84F0A0 /* Pods-ApicWatchOS.release.xcconfig */ = {isa = PBXFileReference; includeInIndex = 1; lastKnownFileType = text.xcconfig; name = "Pods-ApicWatchOS.release.xcconfig"; path = "Pods/Target Support Files/Pods-ApicWatchOS/Pods-ApicWatchOS.release.xcconfig"; sourceTree = "<group>"; };
		FE1E9D9A82F1A2DB56C0B573 /* Pods_ApicWatchOS.framework */ = {isa = PBXFileReference; explicitFileType = wrapper.framework; includeInIndex = 0; path = Pods_ApicWatchOS.framework; sourceTree = BUILT_PRODUCTS_DIR; };
/* End PBXFileReference section */

/* Begin PBXFrameworksBuildPhase section */
		813764CC1B1A9CA60015EC12 /* Frameworks */ = {
			isa = PBXFrameworksBuildPhase;
			buildActionMask = 2147483647;
			files = (
				438D88B553164C47A6A1BF28 /* Pods_Apic.framework in Frameworks */,
			);
			runOnlyForDeploymentPostprocessing = 0;
		};
		813764D81B1A9CA60015EC12 /* Frameworks */ = {
			isa = PBXFrameworksBuildPhase;
			buildActionMask = 2147483647;
			files = (
				813764DC1B1A9CA60015EC12 /* Apic.framework in Frameworks */,
				AC74C102D0645BEA362FD707 /* Pods_ApicTests.framework in Frameworks */,
			);
			runOnlyForDeploymentPostprocessing = 0;
		};
		81F936E71B90E20E007C5CA6 /* Frameworks */ = {
			isa = PBXFrameworksBuildPhase;
			buildActionMask = 2147483647;
			files = (
				81F937001B911AFB007C5CA6 /* Alamofire.framework in Frameworks */,
				48C1FE7A3539C71B4DBF3056 /* Pods_ApicWatchOS.framework in Frameworks */,
			);
			runOnlyForDeploymentPostprocessing = 0;
		};
/* End PBXFrameworksBuildPhase section */

/* Begin PBXGroup section */
		6CE2A50D38B2F9B6DA5C5711 /* Frameworks */ = {
			isa = PBXGroup;
			children = (
				81F936FF1B911AFB007C5CA6 /* Alamofire.framework */,
				81F936FD1B911A2B007C5CA6 /* Alamofire.framework */,
				E011FEDB9742FA038B21B7FC /* Pods_Apic.framework */,
				301903321A3585B083F41F98 /* Pods_ApicTests.framework */,
				FE1E9D9A82F1A2DB56C0B573 /* Pods_ApicWatchOS.framework */,
			);
			name = Frameworks;
			sourceTree = "<group>";
		};
		813764C61B1A9CA60015EC12 = {
			isa = PBXGroup;
			children = (
				813764D21B1A9CA60015EC12 /* Apic */,
				813764DF1B1A9CA60015EC12 /* ApicTests */,
				81F936EC1B90E20E007C5CA6 /* ApicWatchOS */,
				813764D11B1A9CA60015EC12 /* Products */,
				9DB161A45158A3639F61D3C6 /* Pods */,
				6CE2A50D38B2F9B6DA5C5711 /* Frameworks */,
			);
			sourceTree = "<group>";
		};
		813764D11B1A9CA60015EC12 /* Products */ = {
			isa = PBXGroup;
			children = (
				813764D01B1A9CA60015EC12 /* Apic.framework */,
				813764DB1B1A9CA60015EC12 /* ApicTests.xctest */,
				81F936EB1B90E20E007C5CA6 /* ApicWatchOS.framework */,
			);
			name = Products;
			sourceTree = "<group>";
		};
		813764D21B1A9CA60015EC12 /* Apic */ = {
			isa = PBXGroup;
			children = (
				813764D51B1A9CA60015EC12 /* Apic.h */,
				813764EE1B1AA0610015EC12 /* AbstractModel.swift */,
				813764F01B1AB9980015EC12 /* AbstractRepository.swift */,
				813764F41B1ABAF10015EC12 /* Configuration.swift */,
				81E9510E1BA248670044B4B1 /* Log.swift */,
				813764D31B1A9CA60015EC12 /* Supporting Files */,
			);
			path = Apic;
			sourceTree = "<group>";
		};
		813764D31B1A9CA60015EC12 /* Supporting Files */ = {
			isa = PBXGroup;
			children = (
				813764D41B1A9CA60015EC12 /* Info.plist */,
				813764F21B1ABAAA0015EC12 /* apic_properties.plist */,
				813764F61B1B684B0015EC12 /* apic_strings.strings */,
			);
			name = "Supporting Files";
			sourceTree = "<group>";
		};
		813764DF1B1A9CA60015EC12 /* ApicTests */ = {
			isa = PBXGroup;
			children = (
				813764E21B1A9CA60015EC12 /* ApicTests.swift */,
				813764E01B1A9CA60015EC12 /* Supporting Files */,
				81E685F61BA4A1E200FEBCF0 /* Movie.swift */,
			);
			path = ApicTests;
			sourceTree = "<group>";
		};
		813764E01B1A9CA60015EC12 /* Supporting Files */ = {
			isa = PBXGroup;
			children = (
				813764E11B1A9CA60015EC12 /* Info.plist */,
			);
			name = "Supporting Files";
			sourceTree = "<group>";
		};
		81F936EC1B90E20E007C5CA6 /* ApicWatchOS */ = {
			isa = PBXGroup;
			children = (
				81F936ED1B90E20E007C5CA6 /* ApicWatchOS.h */,
				81F936EF1B90E20E007C5CA6 /* Info.plist */,
			);
			path = ApicWatchOS;
			sourceTree = "<group>";
		};
		9DB161A45158A3639F61D3C6 /* Pods */ = {
			isa = PBXGroup;
			children = (
				8CDB90E111EBBDCA595472AC /* Pods-Apic.debug.xcconfig */,
				6779A9D05C7BA4C3D664EEAA /* Pods-Apic.release.xcconfig */,
				ECF96778CBD90817ABE7F15F /* Pods-ApicTests.debug.xcconfig */,
				2E73B308F3AAA7EFC3AAC64E /* Pods-ApicTests.release.xcconfig */,
				6369FF4FBAAF649B171DE02D /* Pods-ApicWatchOS.debug.xcconfig */,
				FAE6337F07E3D420FA84F0A0 /* Pods-ApicWatchOS.release.xcconfig */,
			);
			name = Pods;
			sourceTree = "<group>";
		};
/* End PBXGroup section */

/* Begin PBXHeadersBuildPhase section */
		813764CD1B1A9CA60015EC12 /* Headers */ = {
			isa = PBXHeadersBuildPhase;
			buildActionMask = 2147483647;
			files = (
				813764D61B1A9CA60015EC12 /* Apic.h in Headers */,
			);
			runOnlyForDeploymentPostprocessing = 0;
		};
		81F936E81B90E20E007C5CA6 /* Headers */ = {
			isa = PBXHeadersBuildPhase;
			buildActionMask = 2147483647;
			files = (
				81F936EE1B90E20E007C5CA6 /* ApicWatchOS.h in Headers */,
			);
			runOnlyForDeploymentPostprocessing = 0;
		};
/* End PBXHeadersBuildPhase section */

/* Begin PBXNativeTarget section */
		813764CF1B1A9CA60015EC12 /* Apic */ = {
			isa = PBXNativeTarget;
			buildConfigurationList = 813764E61B1A9CA60015EC12 /* Build configuration list for PBXNativeTarget "Apic" */;
			buildPhases = (
				BCD39099F76A798CA11D8AAF /* Check Pods Manifest.lock */,
				813764CB1B1A9CA60015EC12 /* Sources */,
				813764CC1B1A9CA60015EC12 /* Frameworks */,
				813764CD1B1A9CA60015EC12 /* Headers */,
				813764CE1B1A9CA60015EC12 /* Resources */,
				8CDB85856BDA34FE19E0E409 /* Copy Pods Resources */,
			);
			buildRules = (
			);
			dependencies = (
			);
			name = Apic;
			productName = Apic;
			productReference = 813764D01B1A9CA60015EC12 /* Apic.framework */;
			productType = "com.apple.product-type.framework";
		};
		813764DA1B1A9CA60015EC12 /* ApicTests */ = {
			isa = PBXNativeTarget;
			buildConfigurationList = 813764E91B1A9CA60015EC12 /* Build configuration list for PBXNativeTarget "ApicTests" */;
			buildPhases = (
				BB1EBA3B540BAEE25A8127AC /* Check Pods Manifest.lock */,
				813764D71B1A9CA60015EC12 /* Sources */,
				813764D81B1A9CA60015EC12 /* Frameworks */,
				813764D91B1A9CA60015EC12 /* Resources */,
				171D3E496B0051845391B3AD /* Embed Pods Frameworks */,
				BA7CDCB9B68B3A8598C7FEC0 /* Copy Pods Resources */,
			);
			buildRules = (
			);
			dependencies = (
				813764DE1B1A9CA60015EC12 /* PBXTargetDependency */,
			);
			name = ApicTests;
			productName = ApicTests;
			productReference = 813764DB1B1A9CA60015EC12 /* ApicTests.xctest */;
			productType = "com.apple.product-type.bundle.unit-test";
		};
		81F936EA1B90E20E007C5CA6 /* ApicWatchOS */ = {
			isa = PBXNativeTarget;
			buildConfigurationList = 81F936F21B90E20E007C5CA6 /* Build configuration list for PBXNativeTarget "ApicWatchOS" */;
			buildPhases = (
				53A71D8E35FA605994AE9061 /* Check Pods Manifest.lock */,
				81F936E61B90E20E007C5CA6 /* Sources */,
				81F936E71B90E20E007C5CA6 /* Frameworks */,
				81F936E81B90E20E007C5CA6 /* Headers */,
				81F936E91B90E20E007C5CA6 /* Resources */,
				EAD3441780333C00085E2B46 /* Copy Pods Resources */,
			);
			buildRules = (
			);
			dependencies = (
			);
			name = ApicWatchOS;
			productName = ApicWatchOS;
			productReference = 81F936EB1B90E20E007C5CA6 /* ApicWatchOS.framework */;
			productType = "com.apple.product-type.framework";
		};
/* End PBXNativeTarget section */

/* Begin PBXProject section */
		813764C71B1A9CA60015EC12 /* Project object */ = {
			isa = PBXProject;
			attributes = {
				LastSwiftMigration = 0700;
				LastSwiftUpdateCheck = 0700;
				LastUpgradeCheck = 0700;
				ORGANIZATIONNAME = Juanjo;
				TargetAttributes = {
					813764CF1B1A9CA60015EC12 = {
						CreatedOnToolsVersion = 6.3.2;
					};
					813764DA1B1A9CA60015EC12 = {
						CreatedOnToolsVersion = 6.3.2;
					};
					81F936EA1B90E20E007C5CA6 = {
						CreatedOnToolsVersion = 7.0;
					};
				};
			};
			buildConfigurationList = 813764CA1B1A9CA60015EC12 /* Build configuration list for PBXProject "Apic" */;
			compatibilityVersion = "Xcode 3.2";
			developmentRegion = English;
			hasScannedForEncodings = 0;
			knownRegions = (
				en,
			);
			mainGroup = 813764C61B1A9CA60015EC12;
			productRefGroup = 813764D11B1A9CA60015EC12 /* Products */;
			projectDirPath = "";
			projectRoot = "";
			targets = (
				813764CF1B1A9CA60015EC12 /* Apic */,
				813764DA1B1A9CA60015EC12 /* ApicTests */,
				81F936EA1B90E20E007C5CA6 /* ApicWatchOS */,
			);
		};
/* End PBXProject section */

/* Begin PBXResourcesBuildPhase section */
		813764CE1B1A9CA60015EC12 /* Resources */ = {
			isa = PBXResourcesBuildPhase;
			buildActionMask = 2147483647;
			files = (
				813764F71B1B684B0015EC12 /* apic_strings.strings in Resources */,
				813764F31B1ABAAA0015EC12 /* apic_properties.plist in Resources */,
			);
			runOnlyForDeploymentPostprocessing = 0;
		};
		813764D91B1A9CA60015EC12 /* Resources */ = {
			isa = PBXResourcesBuildPhase;
			buildActionMask = 2147483647;
			files = (
			);
			runOnlyForDeploymentPostprocessing = 0;
		};
		81F936E91B90E20E007C5CA6 /* Resources */ = {
			isa = PBXResourcesBuildPhase;
			buildActionMask = 2147483647;
			files = (
				81F936F81B90EAC1007C5CA6 /* apic_strings.strings in Resources */,
				81F936F71B90EABF007C5CA6 /* apic_properties.plist in Resources */,
			);
			runOnlyForDeploymentPostprocessing = 0;
		};
/* End PBXResourcesBuildPhase section */

/* Begin PBXShellScriptBuildPhase section */
		171D3E496B0051845391B3AD /* Embed Pods Frameworks */ = {
			isa = PBXShellScriptBuildPhase;
			buildActionMask = 2147483647;
			files = (
			);
			inputPaths = (
			);
			name = "Embed Pods Frameworks";
			outputPaths = (
			);
			runOnlyForDeploymentPostprocessing = 0;
			shellPath = /bin/sh;
			shellScript = "\"${SRCROOT}/Pods/Target Support Files/Pods-ApicTests/Pods-ApicTests-frameworks.sh\"\n";
			showEnvVarsInLog = 0;
		};
		53A71D8E35FA605994AE9061 /* Check Pods Manifest.lock */ = {
			isa = PBXShellScriptBuildPhase;
			buildActionMask = 2147483647;
			files = (
			);
			inputPaths = (
			);
			name = "Check Pods Manifest.lock";
			outputPaths = (
			);
			runOnlyForDeploymentPostprocessing = 0;
			shellPath = /bin/sh;
			shellScript = "diff \"${PODS_ROOT}/../Podfile.lock\" \"${PODS_ROOT}/Manifest.lock\" > /dev/null\nif [[ $? != 0 ]] ; then\n    cat << EOM\nerror: The sandbox is not in sync with the Podfile.lock. Run 'pod install' or update your CocoaPods installation.\nEOM\n    exit 1\nfi\n";
			showEnvVarsInLog = 0;
		};
		8CDB85856BDA34FE19E0E409 /* Copy Pods Resources */ = {
			isa = PBXShellScriptBuildPhase;
			buildActionMask = 2147483647;
			files = (
			);
			inputPaths = (
			);
			name = "Copy Pods Resources";
			outputPaths = (
			);
			runOnlyForDeploymentPostprocessing = 0;
			shellPath = /bin/sh;
			shellScript = "\"${SRCROOT}/Pods/Target Support Files/Pods-Apic/Pods-Apic-resources.sh\"\n";
			showEnvVarsInLog = 0;
		};
		BA7CDCB9B68B3A8598C7FEC0 /* Copy Pods Resources */ = {
			isa = PBXShellScriptBuildPhase;
			buildActionMask = 2147483647;
			files = (
			);
			inputPaths = (
			);
			name = "Copy Pods Resources";
			outputPaths = (
			);
			runOnlyForDeploymentPostprocessing = 0;
			shellPath = /bin/sh;
			shellScript = "\"${SRCROOT}/Pods/Target Support Files/Pods-ApicTests/Pods-ApicTests-resources.sh\"\n";
			showEnvVarsInLog = 0;
		};
		BB1EBA3B540BAEE25A8127AC /* Check Pods Manifest.lock */ = {
			isa = PBXShellScriptBuildPhase;
			buildActionMask = 2147483647;
			files = (
			);
			inputPaths = (
			);
			name = "Check Pods Manifest.lock";
			outputPaths = (
			);
			runOnlyForDeploymentPostprocessing = 0;
			shellPath = /bin/sh;
			shellScript = "diff \"${PODS_ROOT}/../Podfile.lock\" \"${PODS_ROOT}/Manifest.lock\" > /dev/null\nif [[ $? != 0 ]] ; then\n    cat << EOM\nerror: The sandbox is not in sync with the Podfile.lock. Run 'pod install' or update your CocoaPods installation.\nEOM\n    exit 1\nfi\n";
			showEnvVarsInLog = 0;
		};
		BCD39099F76A798CA11D8AAF /* Check Pods Manifest.lock */ = {
			isa = PBXShellScriptBuildPhase;
			buildActionMask = 2147483647;
			files = (
			);
			inputPaths = (
			);
			name = "Check Pods Manifest.lock";
			outputPaths = (
			);
			runOnlyForDeploymentPostprocessing = 0;
			shellPath = /bin/sh;
			shellScript = "diff \"${PODS_ROOT}/../Podfile.lock\" \"${PODS_ROOT}/Manifest.lock\" > /dev/null\nif [[ $? != 0 ]] ; then\n    cat << EOM\nerror: The sandbox is not in sync with the Podfile.lock. Run 'pod install' or update your CocoaPods installation.\nEOM\n    exit 1\nfi\n";
			showEnvVarsInLog = 0;
		};
		EAD3441780333C00085E2B46 /* Copy Pods Resources */ = {
			isa = PBXShellScriptBuildPhase;
			buildActionMask = 2147483647;
			files = (
			);
			inputPaths = (
			);
			name = "Copy Pods Resources";
			outputPaths = (
			);
			runOnlyForDeploymentPostprocessing = 0;
			shellPath = /bin/sh;
			shellScript = "\"${SRCROOT}/Pods/Target Support Files/Pods-ApicWatchOS/Pods-ApicWatchOS-resources.sh\"\n";
			showEnvVarsInLog = 0;
		};
/* End PBXShellScriptBuildPhase section */

/* Begin PBXSourcesBuildPhase section */
		813764CB1B1A9CA60015EC12 /* Sources */ = {
			isa = PBXSourcesBuildPhase;
			buildActionMask = 2147483647;
			files = (
				813764F11B1AB9980015EC12 /* AbstractRepository.swift in Sources */,
				813764F51B1ABAF10015EC12 /* Configuration.swift in Sources */,
				81E9510F1BA248670044B4B1 /* Log.swift in Sources */,
				813764EF1B1AA0610015EC12 /* AbstractModel.swift in Sources */,
			);
			runOnlyForDeploymentPostprocessing = 0;
		};
		813764D71B1A9CA60015EC12 /* Sources */ = {
			isa = PBXSourcesBuildPhase;
			buildActionMask = 2147483647;
			files = (
				81E685F71BA4A1E200FEBCF0 /* Movie.swift in Sources */,
				813764E31B1A9CA60015EC12 /* ApicTests.swift in Sources */,
			);
			runOnlyForDeploymentPostprocessing = 0;
		};
		81F936E61B90E20E007C5CA6 /* Sources */ = {
			isa = PBXSourcesBuildPhase;
			buildActionMask = 2147483647;
			files = (
				81F936F61B90EA9D007C5CA6 /* Configuration.swift in Sources */,
				81F936F41B90EA98007C5CA6 /* AbstractModel.swift in Sources */,
				81F936F51B90EA9B007C5CA6 /* AbstractRepository.swift in Sources */,
			);
			runOnlyForDeploymentPostprocessing = 0;
		};
/* End PBXSourcesBuildPhase section */

/* Begin PBXTargetDependency section */
		813764DE1B1A9CA60015EC12 /* PBXTargetDependency */ = {
			isa = PBXTargetDependency;
			target = 813764CF1B1A9CA60015EC12 /* Apic */;
			targetProxy = 813764DD1B1A9CA60015EC12 /* PBXContainerItemProxy */;
		};
/* End PBXTargetDependency section */

/* Begin XCBuildConfiguration section */
		813764E41B1A9CA60015EC12 /* Debug */ = {
			isa = XCBuildConfiguration;
			buildSettings = {
				ALWAYS_SEARCH_USER_PATHS = NO;
				CLANG_CXX_LANGUAGE_STANDARD = "gnu++0x";
				CLANG_CXX_LIBRARY = "libc++";
				CLANG_ENABLE_MODULES = YES;
				CLANG_ENABLE_OBJC_ARC = YES;
				CLANG_WARN_BOOL_CONVERSION = YES;
				CLANG_WARN_CONSTANT_CONVERSION = YES;
				CLANG_WARN_DIRECT_OBJC_ISA_USAGE = YES_ERROR;
				CLANG_WARN_EMPTY_BODY = YES;
				CLANG_WARN_ENUM_CONVERSION = YES;
				CLANG_WARN_INT_CONVERSION = YES;
				CLANG_WARN_OBJC_ROOT_CLASS = YES_ERROR;
				CLANG_WARN_UNREACHABLE_CODE = YES;
				CLANG_WARN__DUPLICATE_METHOD_MATCH = YES;
				"CODE_SIGN_IDENTITY[sdk=iphoneos*]" = "iPhone Developer";
				COPY_PHASE_STRIP = NO;
				CURRENT_PROJECT_VERSION = 1;
				DEBUG_INFORMATION_FORMAT = "dwarf-with-dsym";
				ENABLE_STRICT_OBJC_MSGSEND = YES;
				ENABLE_TESTABILITY = YES;
				GCC_C_LANGUAGE_STANDARD = gnu99;
				GCC_DYNAMIC_NO_PIC = NO;
				GCC_NO_COMMON_BLOCKS = YES;
				GCC_OPTIMIZATION_LEVEL = 0;
				GCC_PREPROCESSOR_DEFINITIONS = (
					"DEBUG=1",
					"$(inherited)",
				);
				GCC_SYMBOLS_PRIVATE_EXTERN = NO;
				GCC_WARN_64_TO_32_BIT_CONVERSION = YES;
				GCC_WARN_ABOUT_RETURN_TYPE = YES_ERROR;
				GCC_WARN_UNDECLARED_SELECTOR = YES;
				GCC_WARN_UNINITIALIZED_AUTOS = YES_AGGRESSIVE;
				GCC_WARN_UNUSED_FUNCTION = YES;
				GCC_WARN_UNUSED_VARIABLE = YES;
				IPHONEOS_DEPLOYMENT_TARGET = 8.3;
				MTL_ENABLE_DEBUG_INFO = YES;
				ONLY_ACTIVE_ARCH = YES;
				SDKROOT = iphoneos;
				SWIFT_OPTIMIZATION_LEVEL = "-Onone";
				TARGETED_DEVICE_FAMILY = "1,2";
				VERSIONING_SYSTEM = "apple-generic";
				VERSION_INFO_PREFIX = "";
			};
			name = Debug;
		};
		813764E51B1A9CA60015EC12 /* Release */ = {
			isa = XCBuildConfiguration;
			buildSettings = {
				ALWAYS_SEARCH_USER_PATHS = NO;
				CLANG_CXX_LANGUAGE_STANDARD = "gnu++0x";
				CLANG_CXX_LIBRARY = "libc++";
				CLANG_ENABLE_MODULES = YES;
				CLANG_ENABLE_OBJC_ARC = YES;
				CLANG_WARN_BOOL_CONVERSION = YES;
				CLANG_WARN_CONSTANT_CONVERSION = YES;
				CLANG_WARN_DIRECT_OBJC_ISA_USAGE = YES_ERROR;
				CLANG_WARN_EMPTY_BODY = YES;
				CLANG_WARN_ENUM_CONVERSION = YES;
				CLANG_WARN_INT_CONVERSION = YES;
				CLANG_WARN_OBJC_ROOT_CLASS = YES_ERROR;
				CLANG_WARN_UNREACHABLE_CODE = YES;
				CLANG_WARN__DUPLICATE_METHOD_MATCH = YES;
				"CODE_SIGN_IDENTITY[sdk=iphoneos*]" = "iPhone Developer";
				COPY_PHASE_STRIP = NO;
				CURRENT_PROJECT_VERSION = 1;
				DEBUG_INFORMATION_FORMAT = "dwarf-with-dsym";
				ENABLE_NS_ASSERTIONS = NO;
				ENABLE_STRICT_OBJC_MSGSEND = YES;
				GCC_C_LANGUAGE_STANDARD = gnu99;
				GCC_NO_COMMON_BLOCKS = YES;
				GCC_WARN_64_TO_32_BIT_CONVERSION = YES;
				GCC_WARN_ABOUT_RETURN_TYPE = YES_ERROR;
				GCC_WARN_UNDECLARED_SELECTOR = YES;
				GCC_WARN_UNINITIALIZED_AUTOS = YES_AGGRESSIVE;
				GCC_WARN_UNUSED_FUNCTION = YES;
				GCC_WARN_UNUSED_VARIABLE = YES;
				IPHONEOS_DEPLOYMENT_TARGET = 8.3;
				MTL_ENABLE_DEBUG_INFO = NO;
				SDKROOT = iphoneos;
				TARGETED_DEVICE_FAMILY = "1,2";
				VALIDATE_PRODUCT = YES;
				VERSIONING_SYSTEM = "apple-generic";
				VERSION_INFO_PREFIX = "";
			};
			name = Release;
		};
		813764E71B1A9CA60015EC12 /* Debug */ = {
			isa = XCBuildConfiguration;
			baseConfigurationReference = 8CDB90E111EBBDCA595472AC /* Pods-Apic.debug.xcconfig */;
			buildSettings = {
				CLANG_ENABLE_MODULES = YES;
				DEFINES_MODULE = YES;
				DYLIB_COMPATIBILITY_VERSION = 1;
				DYLIB_CURRENT_VERSION = 1;
				DYLIB_INSTALL_NAME_BASE = "@rpath";
				INFOPLIST_FILE = Apic/Info.plist;
				INSTALL_PATH = "$(LOCAL_LIBRARY_DIR)/Frameworks";
				IPHONEOS_DEPLOYMENT_TARGET = 8.0;
				LD_RUNPATH_SEARCH_PATHS = "$(inherited) @executable_path/Frameworks @loader_path/Frameworks";
				PRODUCT_BUNDLE_IDENTIFIER = "com.juanjoarreola.$(PRODUCT_NAME:rfc1034identifier)";
				PRODUCT_NAME = "$(TARGET_NAME)";
				SKIP_INSTALL = YES;
				SWIFT_OPTIMIZATION_LEVEL = "-Onone";
			};
			name = Debug;
		};
		813764E81B1A9CA60015EC12 /* Release */ = {
			isa = XCBuildConfiguration;
			baseConfigurationReference = 6779A9D05C7BA4C3D664EEAA /* Pods-Apic.release.xcconfig */;
			buildSettings = {
				CLANG_ENABLE_MODULES = YES;
				DEFINES_MODULE = YES;
				DYLIB_COMPATIBILITY_VERSION = 1;
				DYLIB_CURRENT_VERSION = 1;
				DYLIB_INSTALL_NAME_BASE = "@rpath";
				INFOPLIST_FILE = Apic/Info.plist;
				INSTALL_PATH = "$(LOCAL_LIBRARY_DIR)/Frameworks";
				IPHONEOS_DEPLOYMENT_TARGET = 8.0;
				LD_RUNPATH_SEARCH_PATHS = "$(inherited) @executable_path/Frameworks @loader_path/Frameworks";
				PRODUCT_BUNDLE_IDENTIFIER = "com.juanjoarreola.$(PRODUCT_NAME:rfc1034identifier)";
				PRODUCT_NAME = "$(TARGET_NAME)";
				SKIP_INSTALL = YES;
			};
			name = Release;
		};
		813764EA1B1A9CA60015EC12 /* Debug */ = {
			isa = XCBuildConfiguration;
			baseConfigurationReference = ECF96778CBD90817ABE7F15F /* Pods-ApicTests.debug.xcconfig */;
			buildSettings = {
				FRAMEWORK_SEARCH_PATHS = "$(inherited)";
				GCC_PREPROCESSOR_DEFINITIONS = (
					"DEBUG=1",
					"$(inherited)",
				);
				INFOPLIST_FILE = ApicTests/Info.plist;
				IPHONEOS_DEPLOYMENT_TARGET = 8.0;
				LD_RUNPATH_SEARCH_PATHS = "$(inherited) @executable_path/Frameworks @loader_path/Frameworks";
				PRODUCT_BUNDLE_IDENTIFIER = "com.juanjoarreola.$(PRODUCT_NAME:rfc1034identifier)";
				PRODUCT_NAME = "$(TARGET_NAME)";
			};
			name = Debug;
		};
		813764EB1B1A9CA60015EC12 /* Release */ = {
			isa = XCBuildConfiguration;
			baseConfigurationReference = 2E73B308F3AAA7EFC3AAC64E /* Pods-ApicTests.release.xcconfig */;
			buildSettings = {
				FRAMEWORK_SEARCH_PATHS = "$(inherited)";
				INFOPLIST_FILE = ApicTests/Info.plist;
				IPHONEOS_DEPLOYMENT_TARGET = 8.0;
				LD_RUNPATH_SEARCH_PATHS = "$(inherited) @executable_path/Frameworks @loader_path/Frameworks";
				PRODUCT_BUNDLE_IDENTIFIER = "com.juanjoarreola.$(PRODUCT_NAME:rfc1034identifier)";
				PRODUCT_NAME = "$(TARGET_NAME)";
			};
			name = Release;
		};
		81F936F01B90E20E007C5CA6 /* Debug */ = {
			isa = XCBuildConfiguration;
			baseConfigurationReference = 6369FF4FBAAF649B171DE02D /* Pods-ApicWatchOS.debug.xcconfig */;
			buildSettings = {
				DEBUG_INFORMATION_FORMAT = dwarf;
				DEFINES_MODULE = YES;
				DYLIB_COMPATIBILITY_VERSION = 1;
				DYLIB_CURRENT_VERSION = 1;
				DYLIB_INSTALL_NAME_BASE = "@rpath";
				EMBEDDED_CONTENT_CONTAINS_SWIFT = YES;
				FRAMEWORK_SEARCH_PATHS = "$(inherited)";
				INFOPLIST_FILE = ApicWatchOS/Info.plist;
				INSTALL_PATH = "$(LOCAL_LIBRARY_DIR)/Frameworks";
				LD_RUNPATH_SEARCH_PATHS = "$(inherited) @executable_path/Frameworks @loader_path/Frameworks";
				PRODUCT_BUNDLE_IDENTIFIER = com.crayon.ApicWatchOS;
				PRODUCT_NAME = "$(TARGET_NAME)";
				SDKROOT = watchos;
				SKIP_INSTALL = YES;
				TARGETED_DEVICE_FAMILY = 4;
				WATCHOS_DEPLOYMENT_TARGET = 2.0;
			};
			name = Debug;
		};
		81F936F11B90E20E007C5CA6 /* Release */ = {
			isa = XCBuildConfiguration;
			baseConfigurationReference = FAE6337F07E3D420FA84F0A0 /* Pods-ApicWatchOS.release.xcconfig */;
			buildSettings = {
				DEFINES_MODULE = YES;
				DYLIB_COMPATIBILITY_VERSION = 1;
				DYLIB_CURRENT_VERSION = 1;
				DYLIB_INSTALL_NAME_BASE = "@rpath";
				EMBEDDED_CONTENT_CONTAINS_SWIFT = YES;
				FRAMEWORK_SEARCH_PATHS = "$(inherited)";
				INFOPLIST_FILE = ApicWatchOS/Info.plist;
				INSTALL_PATH = "$(LOCAL_LIBRARY_DIR)/Frameworks";
				LD_RUNPATH_SEARCH_PATHS = "$(inherited) @executable_path/Frameworks @loader_path/Frameworks";
				PRODUCT_BUNDLE_IDENTIFIER = com.crayon.ApicWatchOS;
				PRODUCT_NAME = "$(TARGET_NAME)";
				SDKROOT = watchos;
				SKIP_INSTALL = YES;
				TARGETED_DEVICE_FAMILY = 4;
				WATCHOS_DEPLOYMENT_TARGET = 2.0;
			};
			name = Release;
		};
/* End XCBuildConfiguration section */

/* Begin XCConfigurationList section */
		813764CA1B1A9CA60015EC12 /* Build configuration list for PBXProject "Apic" */ = {
			isa = XCConfigurationList;
			buildConfigurations = (
				813764E41B1A9CA60015EC12 /* Debug */,
				813764E51B1A9CA60015EC12 /* Release */,
			);
			defaultConfigurationIsVisible = 0;
			defaultConfigurationName = Release;
		};
		813764E61B1A9CA60015EC12 /* Build configuration list for PBXNativeTarget "Apic" */ = {
			isa = XCConfigurationList;
			buildConfigurations = (
				813764E71B1A9CA60015EC12 /* Debug */,
				813764E81B1A9CA60015EC12 /* Release */,
			);
			defaultConfigurationIsVisible = 0;
			defaultConfigurationName = Release;
		};
		813764E91B1A9CA60015EC12 /* Build configuration list for PBXNativeTarget "ApicTests" */ = {
			isa = XCConfigurationList;
			buildConfigurations = (
				813764EA1B1A9CA60015EC12 /* Debug */,
				813764EB1B1A9CA60015EC12 /* Release */,
			);
			defaultConfigurationIsVisible = 0;
			defaultConfigurationName = Release;
		};
		81F936F21B90E20E007C5CA6 /* Build configuration list for PBXNativeTarget "ApicWatchOS" */ = {
			isa = XCConfigurationList;
			buildConfigurations = (
				81F936F01B90E20E007C5CA6 /* Debug */,
				81F936F11B90E20E007C5CA6 /* Release */,
			);
			defaultConfigurationIsVisible = 0;
			defaultConfigurationName = Release;
		};
/* End XCConfigurationList section */
	};
	rootObject = 813764C71B1A9CA60015EC12 /* Project object */;
}
